
Microsoft Visual Studio Solution File, Format Version 12.00
# Visual Studio Version 16
VisualStudioVersion = 16.0.30225.117
MinimumVisualStudioVersion = 10.0.40219.1
Project("{FAE04EC0-301F-11D3-BF4B-00C04F79EFBC}") = "TeknikServis_Web", "TeknikServis_Web\TeknikServis_Web.csproj", "{CA78E9B5-2A58-459A-9FB2-7D214256D56F}"
EndProject
Global
	GlobalSection(SolutionConfigurationPlatforms) = preSolution
		Debug|Any CPU = Debug|Any CPU
		Release|Any CPU = Release|Any CPU
	EndGlobalSection
	GlobalSection(ProjectConfigurationPlatforms) = postSolution
		{CA78E9B5-2A58-459A-9FB2-7D214256D56F}.Debug|Any CPU.ActiveCfg = Debug|Any CPU
		{CA78E9B5-2A58-459A-9FB2-7D214256D56F}.Debug|Any CPU.Build.0 = Debug|Any CPU
		{CA78E9B5-2A58-459A-9FB2-7D214256D56F}.Release|Any CPU.ActiveCfg = Release|Any CPU
		{CA78E9B5-2A58-459A-9FB2-7D214256D56F}.Release|Any CPU.Build.0 = Release|Any CPU
	EndGlobalSection
	GlobalSection(SolutionProperties) = preSolution
		HideSolutionNode = FALSE
	EndGlobalSection
	GlobalSection(ExtensibilityGlobals) = postSolution
		SolutionGuid = {5CA7A23D-07D4-4226-9D86-A9A71BD6EAFB}
	EndGlobalSection
EndGlobal
