
Microsoft Visual Studio Solution File, Format Version 12.00
# Visual Studio Version 16
VisualStudioVersion = 16.0.30011.22
MinimumVisualStudioVersion = 10.0.40219.1
Project("{FAE04EC0-301F-11D3-BF4B-00C04F79EFBC}") = "TeknikServis", "TeknikServis\TeknikServis.csproj", "{B0BB9292-91BA-44D8-972B-7F3365E4F986}"
EndProject
Global
	GlobalSection(SolutionConfigurationPlatforms) = preSolution
		Debug|Any CPU = Debug|Any CPU
		Release|Any CPU = Release|Any CPU
	EndGlobalSection
	GlobalSection(ProjectConfigurationPlatforms) = postSolution
		{B0BB9292-91BA-44D8-972B-7F3365E4F986}.Debug|Any CPU.ActiveCfg = Debug|Any CPU
		{B0BB9292-91BA-44D8-972B-7F3365E4F986}.Debug|Any CPU.Build.0 = Debug|Any CPU
		{B0BB9292-91BA-44D8-972B-7F3365E4F986}.Release|Any CPU.ActiveCfg = Release|Any CPU
		{B0BB9292-91BA-44D8-972B-7F3365E4F986}.Release|Any CPU.Build.0 = Release|Any CPU
	EndGlobalSection
	GlobalSection(SolutionProperties) = preSolution
		HideSolutionNode = FALSE
	EndGlobalSection
	GlobalSection(ExtensibilityGlobals) = postSolution
		SolutionGuid = {2B9B7E54-EDF4-4EED-9155-00FE58366C03}
	EndGlobalSection
EndGlobal
